
Microsoft Visual Studio Solution File, Format Version 12.00
# Visual Studio Version 17
VisualStudioVersion = 17.8.34511.84
MinimumVisualStudioVersion = 10.0.40219.1
Project("{2150E333-8FDC-42A3-9474-1A3956D46DE8}") = "3.Sqs", "3.Sqs", "{B68CF144-07E3-4F1A-9AAC-52DD0FDBAC87}"
EndProject
Project("{2150E333-8FDC-42A3-9474-1A3956D46DE8}") = "4.Sns", "4.Sns", "{93CDAE87-B1D5-4273-9A17-1C177274D3EB}"
EndProject
Project("{9A19103F-16F7-4668-BE54-9A1E7A4F7556}") = "Customers.Api", "SQS\Customers.Api\Customers.Api.csproj", "{47CD7537-B526-4436-AEA3-CC2A9BCEC870}"
EndProject
Project("{9A19103F-16F7-4668-BE54-9A1E7A4F7556}") = "Customers.Api", "SNS\Customers.Api\Customers.Api.csproj", "{D5EE3633-6A37-4D1A-AB9A-CC781B17F55A}"
EndProject
Project("{9A19103F-16F7-4668-BE54-9A1E7A4F7556}") = "Customers.Consumer", "SQS\Customers.Consumer\Customers.Consumer.csproj", "{1B7F55D2-18B6-4CB6-B68A-2F9812F6ABA8}"
EndProject
Project("{9A19103F-16F7-4668-BE54-9A1E7A4F7556}") = "SqsConsumer", "SQS\SqsConsumer\SqsConsumer.csproj", "{1EE4AEE1-C4A7-4A59-A055-D6639AC8EDC5}"
EndProject
Project("{9A19103F-16F7-4668-BE54-9A1E7A4F7556}") = "SqsPublisher", "SQS\SqsPublisher\SqsPublisher.csproj", "{87F895E3-24C1-476C-A82F-7FEFC14B5AB3}"
EndProject
Project("{9A19103F-16F7-4668-BE54-9A1E7A4F7556}") = "Customers.Consumer", "SNS\Customers.Consumer\Customers.Consumer.csproj", "{FCFBB61C-2991-4389-B4E3-1DB93D449ED2}"
EndProject
Project("{9A19103F-16F7-4668-BE54-9A1E7A4F7556}") = "SqsConsumer", "SNS\SqsConsumer\SqsConsumer.csproj", "{6B9A136A-C55E-4CB4-A2C9-433BB1E11107}"
EndProject
Project("{FAE04EC0-301F-11D3-BF4B-00C04F79EFBC}") = "SnsPublisher", "SNS\SnsPublisher\SnsPublisher.csproj", "{AAEA81F6-50E5-4926-AAA8-21459F9708B0}"
EndProject
Global
	GlobalSection(SolutionConfigurationPlatforms) = preSolution
		Debug|Any CPU = Debug|Any CPU
		Release|Any CPU = Release|Any CPU
	EndGlobalSection
	GlobalSection(ProjectConfigurationPlatforms) = postSolution
		{47CD7537-B526-4436-AEA3-CC2A9BCEC870}.Debug|Any CPU.ActiveCfg = Debug|Any CPU
		{47CD7537-B526-4436-AEA3-CC2A9BCEC870}.Debug|Any CPU.Build.0 = Debug|Any CPU
		{47CD7537-B526-4436-AEA3-CC2A9BCEC870}.Release|Any CPU.ActiveCfg = Release|Any CPU
		{47CD7537-B526-4436-AEA3-CC2A9BCEC870}.Release|Any CPU.Build.0 = Release|Any CPU
		{D5EE3633-6A37-4D1A-AB9A-CC781B17F55A}.Debug|Any CPU.ActiveCfg = Debug|Any CPU
		{D5EE3633-6A37-4D1A-AB9A-CC781B17F55A}.Debug|Any CPU.Build.0 = Debug|Any CPU
		{D5EE3633-6A37-4D1A-AB9A-CC781B17F55A}.Release|Any CPU.ActiveCfg = Release|Any CPU
		{D5EE3633-6A37-4D1A-AB9A-CC781B17F55A}.Release|Any CPU.Build.0 = Release|Any CPU
		{1B7F55D2-18B6-4CB6-B68A-2F9812F6ABA8}.Debug|Any CPU.ActiveCfg = Debug|Any CPU
		{1B7F55D2-18B6-4CB6-B68A-2F9812F6ABA8}.Debug|Any CPU.Build.0 = Debug|Any CPU
		{1B7F55D2-18B6-4CB6-B68A-2F9812F6ABA8}.Release|Any CPU.ActiveCfg = Release|Any CPU
		{1B7F55D2-18B6-4CB6-B68A-2F9812F6ABA8}.Release|Any CPU.Build.0 = Release|Any CPU
		{1EE4AEE1-C4A7-4A59-A055-D6639AC8EDC5}.Debug|Any CPU.ActiveCfg = Debug|Any CPU
		{1EE4AEE1-C4A7-4A59-A055-D6639AC8EDC5}.Debug|Any CPU.Build.0 = Debug|Any CPU
		{1EE4AEE1-C4A7-4A59-A055-D6639AC8EDC5}.Release|Any CPU.ActiveCfg = Release|Any CPU
		{1EE4AEE1-C4A7-4A59-A055-D6639AC8EDC5}.Release|Any CPU.Build.0 = Release|Any CPU
		{87F895E3-24C1-476C-A82F-7FEFC14B5AB3}.Debug|Any CPU.ActiveCfg = Debug|Any CPU
		{87F895E3-24C1-476C-A82F-7FEFC14B5AB3}.Debug|Any CPU.Build.0 = Debug|Any CPU
		{87F895E3-24C1-476C-A82F-7FEFC14B5AB3}.Release|Any CPU.ActiveCfg = Release|Any CPU
		{87F895E3-24C1-476C-A82F-7FEFC14B5AB3}.Release|Any CPU.Build.0 = Release|Any CPU
		{FCFBB61C-2991-4389-B4E3-1DB93D449ED2}.Debug|Any CPU.ActiveCfg = Debug|Any CPU
		{FCFBB61C-2991-4389-B4E3-1DB93D449ED2}.Debug|Any CPU.Build.0 = Debug|Any CPU
		{FCFBB61C-2991-4389-B4E3-1DB93D449ED2}.Release|Any CPU.ActiveCfg = Release|Any CPU
		{FCFBB61C-2991-4389-B4E3-1DB93D449ED2}.Release|Any CPU.Build.0 = Release|Any CPU
		{6B9A136A-C55E-4CB4-A2C9-433BB1E11107}.Debug|Any CPU.ActiveCfg = Debug|Any CPU
		{6B9A136A-C55E-4CB4-A2C9-433BB1E11107}.Debug|Any CPU.Build.0 = Debug|Any CPU
		{6B9A136A-C55E-4CB4-A2C9-433BB1E11107}.Release|Any CPU.ActiveCfg = Release|Any CPU
		{6B9A136A-C55E-4CB4-A2C9-433BB1E11107}.Release|Any CPU.Build.0 = Release|Any CPU
		{AAEA81F6-50E5-4926-AAA8-21459F9708B0}.Debug|Any CPU.ActiveCfg = Debug|Any CPU
		{AAEA81F6-50E5-4926-AAA8-21459F9708B0}.Debug|Any CPU.Build.0 = Debug|Any CPU
		{AAEA81F6-50E5-4926-AAA8-21459F9708B0}.Release|Any CPU.ActiveCfg = Release|Any CPU
		{AAEA81F6-50E5-4926-AAA8-21459F9708B0}.Release|Any CPU.Build.0 = Release|Any CPU
	EndGlobalSection
	GlobalSection(SolutionProperties) = preSolution
		HideSolutionNode = FALSE
	EndGlobalSection
	GlobalSection(NestedProjects) = preSolution
		{47CD7537-B526-4436-AEA3-CC2A9BCEC870} = {B68CF144-07E3-4F1A-9AAC-52DD0FDBAC87}
		{D5EE3633-6A37-4D1A-AB9A-CC781B17F55A} = {93CDAE87-B1D5-4273-9A17-1C177274D3EB}
		{1B7F55D2-18B6-4CB6-B68A-2F9812F6ABA8} = {B68CF144-07E3-4F1A-9AAC-52DD0FDBAC87}
		{1EE4AEE1-C4A7-4A59-A055-D6639AC8EDC5} = {B68CF144-07E3-4F1A-9AAC-52DD0FDBAC87}
		{87F895E3-24C1-476C-A82F-7FEFC14B5AB3} = {B68CF144-07E3-4F1A-9AAC-52DD0FDBAC87}
		{FCFBB61C-2991-4389-B4E3-1DB93D449ED2} = {93CDAE87-B1D5-4273-9A17-1C177274D3EB}
		{6B9A136A-C55E-4CB4-A2C9-433BB1E11107} = {93CDAE87-B1D5-4273-9A17-1C177274D3EB}
		{AAEA81F6-50E5-4926-AAA8-21459F9708B0} = {93CDAE87-B1D5-4273-9A17-1C177274D3EB}
	EndGlobalSection
	GlobalSection(ExtensibilityGlobals) = postSolution
		SolutionGuid = {FBAFCE5E-38D9-43A9-9749-7C5770B37CC6}
	EndGlobalSection
EndGlobal
